
Microsoft Visual Studio Solution File, Format Version 12.00
# Visual Studio 14
VisualStudioVersion = 14.0.24720.0
MinimumVisualStudioVersion = 10.0.40219.1
Project("{8BC9CEB8-8B4A-11D0-8D11-00A0C91BC942}") = "emgl", "emgl\emgl.vcxproj", "{D4B1D9D5-3F77-4AD3-882A-C841C3547153}"
EndProject
Project("{8BC9CEB8-8B4A-11D0-8D11-00A0C91BC942}") = "BitmapGenerator", "BitmapGenerator\BitmapGenerator.vcxproj", "{0A52C54A-BB61-4BDF-BE81-11D6338C996C}"
EndProject
Project("{8BC9CEB8-8B4A-11D0-8D11-00A0C91BC942}") = "FontGenerator", "FontGenerator\FontGenerator.vcxproj", "{2A5D5DD1-1E61-4FC2-83EC-2CF01141DFC7}"
EndProject
Global
	GlobalSection(SolutionConfigurationPlatforms) = preSolution
		Debug|Win32 = Debug|Win32
		Release|Win32 = Release|Win32
	EndGlobalSection
	GlobalSection(ProjectConfigurationPlatforms) = postSolution
		{D4B1D9D5-3F77-4AD3-882A-C841C3547153}.Debug|Win32.ActiveCfg = Debug|Win32
		{D4B1D9D5-3F77-4AD3-882A-C841C3547153}.Debug|Win32.Build.0 = Debug|Win32
		{D4B1D9D5-3F77-4AD3-882A-C841C3547153}.Release|Win32.ActiveCfg = Release|Win32
		{D4B1D9D5-3F77-4AD3-882A-C841C3547153}.Release|Win32.Build.0 = Release|Win32
		{0A52C54A-BB61-4BDF-BE81-11D6338C996C}.Debug|Win32.ActiveCfg = Debug|Win32
		{0A52C54A-BB61-4BDF-BE81-11D6338C996C}.Debug|Win32.Build.0 = Debug|Win32
		{0A52C54A-BB61-4BDF-BE81-11D6338C996C}.Release|Win32.ActiveCfg = Release|Win32
		{0A52C54A-BB61-4BDF-BE81-11D6338C996C}.Release|Win32.Build.0 = Release|Win32
		{2A5D5DD1-1E61-4FC2-83EC-2CF01141DFC7}.Debug|Win32.ActiveCfg = Debug|Win32
		{2A5D5DD1-1E61-4FC2-83EC-2CF01141DFC7}.Debug|Win32.Build.0 = Debug|Win32
		{2A5D5DD1-1E61-4FC2-83EC-2CF01141DFC7}.Release|Win32.ActiveCfg = Release|Win32
		{2A5D5DD1-1E61-4FC2-83EC-2CF01141DFC7}.Release|Win32.Build.0 = Release|Win32
	EndGlobalSection
	GlobalSection(SolutionProperties) = preSolution
		HideSolutionNode = FALSE
	EndGlobalSection
EndGlobal
