<?xml version="1.0" encoding="utf-8"?>
<Project ToolsVersion="4.0" xmlns="http://schemas.microsoft.com/developer/msbuild/2003">
  <ItemGroup>
    <Filter Include="Source Files">
      <UniqueIdentifier>{4FC737F1-C7A5-4376-A066-2A32D752A2FF}</UniqueIdentifier>
      <Extensions>cpp;c;cc;cxx;def;odl;idl;hpj;bat;asm;asmx</Extensions>
    </Filter>
    <Filter Include="Header Files">
      <UniqueIdentifier>{93995380-89BD-4b04-88EB-625FBE52EBFB}</UniqueIdentifier>
      <Extensions>h;hh;hpp;hxx;hm;inl;inc;xsd</Extensions>
    </Filter>
    <Filter Include="Resource Files">
      <UniqueIdentifier>{67DA6AB6-F800-4c08-8B7A-83BB121AAD01}</UniqueIdentifier>
      <Extensions>rc;ico;cur;bmp;dlg;rc2;rct;bin;rgs;gif;jpg;jpeg;jpe;resx;tiff;tif;png;wav;mfcribbon-ms</Extensions>
    </Filter>
  </ItemGroup>
  <ItemGroup>
    <ClCompile Include="src\emgl\pcdriver.c">
      <Filter>Source Files</Filter>
    </ClCompile>
    <ClCompile Include="src\main.c">
      <Filter>Source Files</Filter>
    </ClCompile>
    <ClCompile Include="src\images.c">
      <Filter>Source Files</Filter>
    </ClCompile>
    <ClCompile Include="src\emgl\graphics.c">
      <Filter>Source Files</Filter>
    </ClCompile>
    <ClCompile Include="src\emgl\emgl.c">
      <Filter>Source Files</Filter>
    </ClCompile>
    <ClCompile Include="src\emgl\math.c">
      <Filter>Source Files</Filter>
    </ClCompile>
    <ClCompile Include="src\arial12.c">
      <Filter>Source Files</Filter>
    </ClCompile>
    <ClCompile Include="src\emgl\font.c">
      <Filter>Source Files</Filter>
    </ClCompile>
    <ClCompile Include="src\arial8.c">
      <Filter>Source Files</Filter>
    </ClCompile>
    <ClCompile Include="src\segoescript10.c">
      <Filter>Source Files</Filter>
    </ClCompile>
    <ClCompile Include="src\Sylfaen12.c">
      <Filter>Source Files</Filter>
    </ClCompile>
    <ClCompile Include="src\emgl\color.c">
      <Filter>Source Files</Filter>
    </ClCompile>
  </ItemGroup>
  <ItemGroup>
    <ClInclude Include="include\emgl\pcdriver.h">
      <Filter>Header Files</Filter>
    </ClInclude>
    <ClInclude Include="include\emgl\color.h">
      <Filter>Header Files</Filter>
    </ClInclude>
    <ClInclude Include="include\emgl\emgl.h">
      <Filter>Header Files</Filter>
    </ClInclude>
    <ClInclude Include="include\emgl\emgl_config.h">
      <Filter>Header Files</Filter>
    </ClInclude>
    <ClInclude Include="src\images.h">
      <Filter>Header Files</Filter>
    </ClInclude>
    <ClInclude Include="include\emgl\types.h">
      <Filter>Header Files</Filter>
    </ClInclude>
    <ClInclude Include="include\emgl\colormode.h">
      <Filter>Header Files</Filter>
    </ClInclude>
    <ClInclude Include="include\emgl\debug.h">
      <Filter>Header Files</Filter>
    </ClInclude>
    <ClInclude Include="include\emgl\impl.h">
      <Filter>Header Files</Filter>
    </ClInclude>
    <ClInclude Include="include\emgl\graphics.h">
      <Filter>Header Files</Filter>
    </ClInclude>
    <ClInclude Include="include\emgl\driver.h">
      <Filter>Header Files</Filter>
    </ClInclude>
    <ClInclude Include="include\emgl\math.h">
      <Filter>Header Files</Filter>
    </ClInclude>
    <ClInclude Include="src\arial12.h">
      <Filter>Header Files</Filter>
    </ClInclude>
    <ClInclude Include="include\emgl\font.h">
      <Filter>Header Files</Filter>
    </ClInclude>
    <ClInclude Include="src\arial8.h">
      <Filter>Header Files</Filter>
    </ClInclude>
    <ClInclude Include="src\segoescript10.h">
      <Filter>Header Files</Filter>
    </ClInclude>
    <ClInclude Include="src\Sylfaen12.h">
      <Filter>Header Files</Filter>
    </ClInclude>
  </ItemGroup>
</Project>